{
  "requires": true,
  "lockfileVersion": 1,
  "dependencies": {
    "@angular/core": {
      "version": "8.2.13",
      "resolved": "https://registry.npmjs.org/@angular/core/-/core-8.2.13.tgz",
      "integrity": "sha512-W8HN0lUQV4Sq85l17nhRIXeIfcw1ZdpgGm6to98pl0y9l/1srfzWfTnofuwCJC7gedt5AMrYJGUaNiDbByosFw==",
      "requires": {
        "tslib": "^1.9.0"
      }
    },
    "@angular/forms": {
      "version": "8.2.13",
      "resolved": "https://registry.npmjs.org/@angular/forms/-/forms-8.2.13.tgz",
      "integrity": "sha512-l7lHD4kbWK70KY0Xp4IpSa106ZzSgPMwRYMFKd9qhYaJ7v0Y7Shh7Z/ZDCOP730maj9WULnpy5X4eeozWXgvgg==",
      "requires": {
        "tslib": "^1.9.0"
      }
    },
    "@angular/platform-browser": {
      "version": "8.2.13",
      "resolved": "https://registry.npmjs.org/@angular/platform-browser/-/platform-browser-8.2.13.tgz",
      "integrity": "sha512-1lPbeLQIbbafjq9ul3IA8s2fMJ/EXeMJ74ouTolVXoPPur9ZPRLX9FqBAO1K4QzkAWhRlyf6qIC+mDZfJILwZw==",
      "requires": {
        "tslib": "^1.9.0"
      }
    },
    "@angular/router": {
      "version": "8.2.13",
      "resolved": "https://registry.npmjs.org/@angular/router/-/router-8.2.13.tgz",
      "integrity": "sha512-9CqnachtdASnEmRMtrG/R3c5nDCjjlCU4n0W/xt5+LlveyuUVvAT/CFUC38km4Df3lIvqap8mSpxzGaEzCL+wQ==",
      "requires": {
        "tslib": "^1.9.0"
      }
    },
    "@ionic/angular": {
      "version": "4.11.4",
      "resolved": "https://registry.npmjs.org/@ionic/angular/-/angular-4.11.4.tgz",
      "integrity": "sha512-NVyWFhMTQODh7CTNirDH7cHWD6xqabFSGoSF1LLEWB7VOO8ZriQujNbtfpp7EfT9Av6fa1Up9pSGq73vf6CW4Q==",
      "requires": {
        "@ionic/core": "4.11.4",
        "tslib": "^1.9.3"
      }
    },
    "@ionic/core": {
      "version": "4.11.4",
      "resolved": "https://registry.npmjs.org/@ionic/core/-/core-4.11.4.tgz",
      "integrity": "sha512-g3UbS52eW5/bVvxk8Rj0TCvo8reJV54rw2FoxwVpKA+COTeNW3sAytdy+fJyAXmj/w3/5XipkvWXRxHdcvFnWw==",
      "requires": {
        "ionicons": "^4.6.3",
        "tslib": "^1.10.0"
      }
    },
    "ionicons": {
      "version": "4.6.3",
      "resolved": "https://registry.npmjs.org/ionicons/-/ionicons-4.6.3.tgz",
      "integrity": "sha512-cgP+VIr2cTJpMfFyVHTerq6n2jeoiGboVoe3GlaAo5zoSBDAEXORwUZhv6m+lCyxlsHCS3nqPUE+MKyZU71t8Q=="
    },
    "tslib": {
      "version": "1.10.0",
      "resolved": "https://registry.npmjs.org/tslib/-/tslib-1.10.0.tgz",
      "integrity": "sha512-qOebF53frne81cf0S9B41ByenJ3/IuH8yJKngAX35CmiZySA0khhkovshKK+jGCaMnVomla7gVlIcc3EvKPbTQ=="
    }
  }
}
